
Microsoft Visual Studio Solution File, Format Version 12.00
# Visual Studio Version 17
VisualStudioVersion = 17.0.32126.317
MinimumVisualStudioVersion = 10.0.40219.1
Project("{FAE04EC0-301F-11D3-BF4B-00C04F79EFBC}") = "WindowsService1", "WindowsService1\WindowsService1.csproj", "{0DDA85EB-E3FC-45C5-91E5-2D2ACA0CF29D}"
EndProject
Global
	GlobalSection(SolutionConfigurationPlatforms) = preSolution
		Debug|Any CPU = Debug|Any CPU
		Release|Any CPU = Release|Any CPU
	EndGlobalSection
	GlobalSection(ProjectConfigurationPlatforms) = postSolution
		{0DDA85EB-E3FC-45C5-91E5-2D2ACA0CF29D}.Debug|Any CPU.ActiveCfg = Debug|Any CPU
		{0DDA85EB-E3FC-45C5-91E5-2D2ACA0CF29D}.Debug|Any CPU.Build.0 = Debug|Any CPU
		{0DDA85EB-E3FC-45C5-91E5-2D2ACA0CF29D}.Release|Any CPU.ActiveCfg = Release|Any CPU
		{0DDA85EB-E3FC-45C5-91E5-2D2ACA0CF29D}.Release|Any CPU.Build.0 = Release|Any CPU
	EndGlobalSection
	GlobalSection(SolutionProperties) = preSolution
		HideSolutionNode = FALSE
	EndGlobalSection
	GlobalSection(ExtensibilityGlobals) = postSolution
		SolutionGuid = {40B097BC-AB23-4E34-97E5-3A8E2E8A5CD0}
	EndGlobalSection
EndGlobal
